
Microsoft Visual Studio Solution File, Format Version 12.00
# Visual Studio Version 17
VisualStudioVersion = 17.8.34322.80
MinimumVisualStudioVersion = 10.0.40219.1
Project("{FAE04EC0-301F-11D3-BF4B-00C04F79EFBC}") = "QBT_Invoice_Generator", "QBT_Invoice_Generator\QBT_Invoice_Generator.csproj", "{C58D16D8-FA65-4213-8498-148D2F53DD5A}"
EndProject
Project("{E53339B2-1760-4266-BCC7-CA923CBCF16C}") = "docker-compose", "docker-compose.dcproj", "{FBC08C86-A6C5-43A4-A389-4EFFAD0E2CC4}"
EndProject
Global
	GlobalSection(SolutionConfigurationPlatforms) = preSolution
		Debug|Any CPU = Debug|Any CPU
		Release|Any CPU = Release|Any CPU
	EndGlobalSection
	GlobalSection(ProjectConfigurationPlatforms) = postSolution
		{C58D16D8-FA65-4213-8498-148D2F53DD5A}.Debug|Any CPU.ActiveCfg = Debug|Any CPU
		{C58D16D8-FA65-4213-8498-148D2F53DD5A}.Debug|Any CPU.Build.0 = Debug|Any CPU
		{C58D16D8-FA65-4213-8498-148D2F53DD5A}.Release|Any CPU.ActiveCfg = Release|Any CPU
		{C58D16D8-FA65-4213-8498-148D2F53DD5A}.Release|Any CPU.Build.0 = Release|Any CPU
		{FBC08C86-A6C5-43A4-A389-4EFFAD0E2CC4}.Debug|Any CPU.ActiveCfg = Debug|Any CPU
		{FBC08C86-A6C5-43A4-A389-4EFFAD0E2CC4}.Debug|Any CPU.Build.0 = Debug|Any CPU
		{FBC08C86-A6C5-43A4-A389-4EFFAD0E2CC4}.Release|Any CPU.ActiveCfg = Release|Any CPU
		{FBC08C86-A6C5-43A4-A389-4EFFAD0E2CC4}.Release|Any CPU.Build.0 = Release|Any CPU
	EndGlobalSection
	GlobalSection(SolutionProperties) = preSolution
		HideSolutionNode = FALSE
	EndGlobalSection
	GlobalSection(ExtensibilityGlobals) = postSolution
		SolutionGuid = {501FA98B-BF1F-4513-AD2B-4A7DBF4986F9}
	EndGlobalSection
EndGlobal
